// !$*UTF8*$!
{
	archiveVersion = 1;
	classes = {
	};
	objectVersion = 56;
	objects = {

/* Begin PBXBuildFile section */
		5801A33F2ABD88A6006CFFDE /* MapState.swift in Sources */ = {isa = PBXBuildFile; fileRef = 5801A33E2ABD88A6006CFFDE /* MapState.swift */; };
		58B4D6762ABD751700FD2027 /* redHomeView.swift in Sources */ = {isa = PBXBuildFile; fileRef = 58B4D6752ABD751700FD2027 /* redHomeView.swift */; };
		929943C12AB30D1400303CE3 /* UberSwitftUITutorialApp.swift in Sources */ = {isa = PBXBuildFile; fileRef = 929943C02AB30D1400303CE3 /* UberSwitftUITutorialApp.swift */; };
		929943C32AB30D1400303CE3 /* ContentView.swift in Sources */ = {isa = PBXBuildFile; fileRef = 929943C22AB30D1400303CE3 /* ContentView.swift */; };
		929943C52AB30D1600303CE3 /* Assets.xcassets in Resources */ = {isa = PBXBuildFile; fileRef = 929943C42AB30D1600303CE3 /* Assets.xcassets */; };
		929943C82AB30D1600303CE3 /* Preview Assets.xcassets in Resources */ = {isa = PBXBuildFile; fileRef = 929943C72AB30D1600303CE3 /* Preview Assets.xcassets */; };
		929943DD2AB3100100303CE3 /* HomeView.swift in Sources */ = {isa = PBXBuildFile; fileRef = 929943DC2AB3100100303CE3 /* HomeView.swift */; };
		929943DF2AB3107D00303CE3 /* UberMapViewRepresentable.swift in Sources */ = {isa = PBXBuildFile; fileRef = 929943DE2AB3107D00303CE3 /* UberMapViewRepresentable.swift */; };
		929943E22AB38B4B00303CE3 /* LocationManager.swift in Sources */ = {isa = PBXBuildFile; fileRef = 929943E12AB38B4B00303CE3 /* LocationManager.swift */; };
		929943E82AB5C75800303CE3 /* LocationSearchActivationView.swift in Sources */ = {isa = PBXBuildFile; fileRef = 929943E72AB5C75800303CE3 /* LocationSearchActivationView.swift */; };
		929943EA2AB5FF1F00303CE3 /* MapViewActionButton.swift in Sources */ = {isa = PBXBuildFile; fileRef = 929943E92AB5FF1F00303CE3 /* MapViewActionButton.swift */; };
		929943EC2AB6062E00303CE3 /* LocationSearchView.swift in Sources */ = {isa = PBXBuildFile; fileRef = 929943EB2AB6062E00303CE3 /* LocationSearchView.swift */; };
		929943EE2AB609EA00303CE3 /* LocationSearchResultCell.swift in Sources */ = {isa = PBXBuildFile; fileRef = 929943ED2AB609EA00303CE3 /* LocationSearchResultCell.swift */; };
		929943F02AB627A000303CE3 /* LocationSearchViewModel.swift in Sources */ = {isa = PBXBuildFile; fileRef = 929943EF2AB627A000303CE3 /* LocationSearchViewModel.swift */; };
/* End PBXBuildFile section */

/* Begin PBXFileReference section */
		5801A33E2ABD88A6006CFFDE /* MapState.swift */ = {isa = PBXFileReference; lastKnownFileType = sourcecode.swift; name = MapState.swift; path = UberSwitftUITutorial/Core/Home/Views/MapState.swift; sourceTree = SOURCE_ROOT; };
		58B4D6752ABD751700FD2027 /* redHomeView.swift */ = {isa = PBXFileReference; lastKnownFileType = sourcecode.swift; path = redHomeView.swift; sourceTree = "<group>"; };
		929943BD2AB30D1400303CE3 /* UberSwitftUITutorial.app */ = {isa = PBXFileReference; explicitFileType = wrapper.application; includeInIndex = 0; path = UberSwitftUITutorial.app; sourceTree = BUILT_PRODUCTS_DIR; };
		929943C02AB30D1400303CE3 /* UberSwitftUITutorialApp.swift */ = {isa = PBXFileReference; lastKnownFileType = sourcecode.swift; path = UberSwitftUITutorialApp.swift; sourceTree = "<group>"; };
		929943C22AB30D1400303CE3 /* ContentView.swift */ = {isa = PBXFileReference; lastKnownFileType = sourcecode.swift; path = ContentView.swift; sourceTree = "<group>"; };
		929943C42AB30D1600303CE3 /* Assets.xcassets */ = {isa = PBXFileReference; lastKnownFileType = folder.assetcatalog; path = Assets.xcassets; sourceTree = "<group>"; };
		929943C72AB30D1600303CE3 /* Preview Assets.xcassets */ = {isa = PBXFileReference; lastKnownFileType = folder.assetcatalog; path = "Preview Assets.xcassets"; sourceTree = "<group>"; };
		929943DC2AB3100100303CE3 /* HomeView.swift */ = {isa = PBXFileReference; lastKnownFileType = sourcecode.swift; path = HomeView.swift; sourceTree = "<group>"; };
		929943DE2AB3107D00303CE3 /* UberMapViewRepresentable.swift */ = {isa = PBXFileReference; lastKnownFileType = sourcecode.swift; path = UberMapViewRepresentable.swift; sourceTree = "<group>"; };
		929943E12AB38B4B00303CE3 /* LocationManager.swift */ = {isa = PBXFileReference; lastKnownFileType = sourcecode.swift; path = LocationManager.swift; sourceTree = "<group>"; };
		929943E72AB5C75800303CE3 /* LocationSearchActivationView.swift */ = {isa = PBXFileReference; lastKnownFileType = sourcecode.swift; path = LocationSearchActivationView.swift; sourceTree = "<group>"; };
		929943E92AB5FF1F00303CE3 /* MapViewActionButton.swift */ = {isa = PBXFileReference; lastKnownFileType = sourcecode.swift; path = MapViewActionButton.swift; sourceTree = "<group>"; };
		929943EB2AB6062E00303CE3 /* LocationSearchView.swift */ = {isa = PBXFileReference; lastKnownFileType = sourcecode.swift; path = LocationSearchView.swift; sourceTree = "<group>"; };
		929943ED2AB609EA00303CE3 /* LocationSearchResultCell.swift */ = {isa = PBXFileReference; lastKnownFileType = sourcecode.swift; path = LocationSearchResultCell.swift; sourceTree = "<group>"; };
		929943EF2AB627A000303CE3 /* LocationSearchViewModel.swift */ = {isa = PBXFileReference; lastKnownFileType = sourcecode.swift; path = LocationSearchViewModel.swift; sourceTree = "<group>"; };
		929943F12AB7C50F00303CE3 /* MyPlayground.playground */ = {isa = PBXFileReference; lastKnownFileType = file.playground; path = MyPlayground.playground; sourceTree = "<group>"; xcLanguageSpecificationIdentifier = xcode.lang.swift; };
/* End PBXFileReference section */

/* Begin PBXFrameworksBuildPhase section */
		929943BA2AB30D1400303CE3 /* Frameworks */ = {
			isa = PBXFrameworksBuildPhase;
			buildActionMask = 2147483647;
			files = (
			);
			runOnlyForDeploymentPostprocessing = 0;
		};
/* End PBXFrameworksBuildPhase section */

/* Begin PBXGroup section */
		929943B42AB30D1400303CE3 = {
			isa = PBXGroup;
			children = (
				929943BF2AB30D1400303CE3 /* UberSwitftUITutorial */,
				929943BE2AB30D1400303CE3 /* Products */,
			);
			sourceTree = "<group>";
		};
		929943BE2AB30D1400303CE3 /* Products */ = {
			isa = PBXGroup;
			children = (
				929943BD2AB30D1400303CE3 /* UberSwitftUITutorial.app */,
			);
			name = Products;
			sourceTree = "<group>";
		};
		929943BF2AB30D1400303CE3 /* UberSwitftUITutorial */ = {
			isa = PBXGroup;
			children = (
				929943D92AB30F7D00303CE3 /* App */,
				929943D82AB30F7C00303CE3 /* Core */,
				929943D72AB30F7900303CE3 /* Extensions */,
				929943D62AB30F7400303CE3 /* Manager */,
				929943D32AB30F4800303CE3 /* Models */,
				929943C22AB30D1400303CE3 /* ContentView.swift */,
				929943F12AB7C50F00303CE3 /* MyPlayground.playground */,
				929943C42AB30D1600303CE3 /* Assets.xcassets */,
				929943C62AB30D1600303CE3 /* Preview Content */,
			);
			path = UberSwitftUITutorial;
			sourceTree = "<group>";
		};
		929943C62AB30D1600303CE3 /* Preview Content */ = {
			isa = PBXGroup;
			children = (
				929943C72AB30D1600303CE3 /* Preview Assets.xcassets */,
			);
			path = "Preview Content";
			sourceTree = "<group>";
		};
		929943D32AB30F4800303CE3 /* Models */ = {
			isa = PBXGroup;
			children = (
				5801A33E2ABD88A6006CFFDE /* MapState.swift */,
			);
			path = Models;
			sourceTree = "<group>";
		};
		929943D62AB30F7400303CE3 /* Manager */ = {
			isa = PBXGroup;
			children = (
				929943E12AB38B4B00303CE3 /* LocationManager.swift */,
			);
			path = Manager;
			sourceTree = "<group>";
		};
		929943D72AB30F7900303CE3 /* Extensions */ = {
			isa = PBXGroup;
			children = (
			);
			path = Extensions;
			sourceTree = "<group>";
		};
		929943D82AB30F7C00303CE3 /* Core */ = {
			isa = PBXGroup;
			children = (
				929943E42AB5C70900303CE3 /* LocationSearch */,
				929943E32AB5C6DF00303CE3 /* Home */,
			);
			path = Core;
			sourceTree = "<group>";
		};
		929943D92AB30F7D00303CE3 /* App */ = {
			isa = PBXGroup;
			children = (
				929943C02AB30D1400303CE3 /* UberSwitftUITutorialApp.swift */,
			);
			path = App;
			sourceTree = "<group>";
		};
		929943DA2AB30FCF00303CE3 /* Views */ = {
			isa = PBXGroup;
			children = (
				929943DC2AB3100100303CE3 /* HomeView.swift */,
				929943DE2AB3107D00303CE3 /* UberMapViewRepresentable.swift */,
				929943E92AB5FF1F00303CE3 /* MapViewActionButton.swift */,
				58B4D6752ABD751700FD2027 /* redHomeView.swift */,
			);
			path = Views;
			sourceTree = "<group>";
		};
		929943DB2AB30FD500303CE3 /* ViewModel */ = {
			isa = PBXGroup;
			children = (
			);
			path = ViewModel;
			sourceTree = "<group>";
		};
		929943E32AB5C6DF00303CE3 /* Home */ = {
			isa = PBXGroup;
			children = (
				929943DB2AB30FD500303CE3 /* ViewModel */,
				929943DA2AB30FCF00303CE3 /* Views */,
			);
			path = Home;
			sourceTree = "<group>";
		};
		929943E42AB5C70900303CE3 /* LocationSearch */ = {
			isa = PBXGroup;
			children = (
				929943E62AB5C72900303CE3 /* ViewModel */,
				929943E52AB5C72600303CE3 /* Views */,
			);
			path = LocationSearch;
			sourceTree = "<group>";
		};
		929943E52AB5C72600303CE3 /* Views */ = {
			isa = PBXGroup;
			children = (
				929943E72AB5C75800303CE3 /* LocationSearchActivationView.swift */,
				929943EB2AB6062E00303CE3 /* LocationSearchView.swift */,
				929943ED2AB609EA00303CE3 /* LocationSearchResultCell.swift */,
			);
			path = Views;
			sourceTree = "<group>";
		};
		929943E62AB5C72900303CE3 /* ViewModel */ = {
			isa = PBXGroup;
			children = (
				929943EF2AB627A000303CE3 /* LocationSearchViewModel.swift */,
			);
			path = ViewModel;
			sourceTree = "<group>";
		};
/* End PBXGroup section */

/* Begin PBXNativeTarget section */
		929943BC2AB30D1400303CE3 /* UberSwitftUITutorial */ = {
			isa = PBXNativeTarget;
			buildConfigurationList = 929943CB2AB30D1600303CE3 /* Build configuration list for PBXNativeTarget "UberSwitftUITutorial" */;
			buildPhases = (
				929943B92AB30D1400303CE3 /* Sources */,
				929943BA2AB30D1400303CE3 /* Frameworks */,
				929943BB2AB30D1400303CE3 /* Resources */,
			);
			buildRules = (
			);
			dependencies = (
			);
			name = UberSwitftUITutorial;
			productName = UberSwitftUITutorial;
			productReference = 929943BD2AB30D1400303CE3 /* UberSwitftUITutorial.app */;
			productType = "com.apple.product-type.application";
		};
/* End PBXNativeTarget section */

/* Begin PBXProject section */
		929943B52AB30D1400303CE3 /* Project object */ = {
			isa = PBXProject;
			attributes = {
				BuildIndependentTargetsInParallel = 1;
				LastSwiftUpdateCheck = 1430;
				LastUpgradeCheck = 1430;
				TargetAttributes = {
					929943BC2AB30D1400303CE3 = {
						CreatedOnToolsVersion = 14.3.1;
					};
				};
			};
			buildConfigurationList = 929943B82AB30D1400303CE3 /* Build configuration list for PBXProject "UberSwitftUITutorial" */;
			compatibilityVersion = "Xcode 14.0";
			developmentRegion = en;
			hasScannedForEncodings = 0;
			knownRegions = (
				en,
				Base,
			);
			mainGroup = 929943B42AB30D1400303CE3;
			productRefGroup = 929943BE2AB30D1400303CE3 /* Products */;
			projectDirPath = "";
			projectRoot = "";
			targets = (
				929943BC2AB30D1400303CE3 /* UberSwitftUITutorial */,
			);
		};
/* End PBXProject section */

/* Begin PBXResourcesBuildPhase section */
		929943BB2AB30D1400303CE3 /* Resources */ = {
			isa = PBXResourcesBuildPhase;
			buildActionMask = 2147483647;
			files = (
				929943C82AB30D1600303CE3 /* Preview Assets.xcassets in Resources */,
				929943C52AB30D1600303CE3 /* Assets.xcassets in Resources */,
			);
			runOnlyForDeploymentPostprocessing = 0;
		};
/* End PBXResourcesBuildPhase section */

/* Begin PBXSourcesBuildPhase section */
		929943B92AB30D1400303CE3 /* Sources */ = {
			isa = PBXSourcesBuildPhase;
			buildActionMask = 2147483647;
			files = (
				929943DF2AB3107D00303CE3 /* UberMapViewRepresentable.swift in Sources */,
				929943DD2AB3100100303CE3 /* HomeView.swift in Sources */,
				58B4D6762ABD751700FD2027 /* redHomeView.swift in Sources */,
				5801A33F2ABD88A6006CFFDE /* MapState.swift in Sources */,
				929943E22AB38B4B00303CE3 /* LocationManager.swift in Sources */,
				929943F02AB627A000303CE3 /* LocationSearchViewModel.swift in Sources */,
				929943C32AB30D1400303CE3 /* ContentView.swift in Sources */,
				929943E82AB5C75800303CE3 /* LocationSearchActivationView.swift in Sources */,
				929943EC2AB6062E00303CE3 /* LocationSearchView.swift in Sources */,
				929943EE2AB609EA00303CE3 /* LocationSearchResultCell.swift in Sources */,
				929943C12AB30D1400303CE3 /* UberSwitftUITutorialApp.swift in Sources */,
				929943EA2AB5FF1F00303CE3 /* MapViewActionButton.swift in Sources */,
			);
			runOnlyForDeploymentPostprocessing = 0;
		};
/* End PBXSourcesBuildPhase section */

/* Begin XCBuildConfiguration section */
		929943C92AB30D1600303CE3 /* Debug */ = {
			isa = XCBuildConfiguration;
			buildSettings = {
				ALWAYS_SEARCH_USER_PATHS = NO;
				CLANG_ANALYZER_NONNULL = YES;
				CLANG_ANALYZER_NUMBER_OBJECT_CONVERSION = YES_AGGRESSIVE;
				CLANG_CXX_LANGUAGE_STANDARD = "gnu++20";
				CLANG_ENABLE_MODULES = YES;
				CLANG_ENABLE_OBJC_ARC = YES;
				CLANG_ENABLE_OBJC_WEAK = YES;
				CLANG_WARN_BLOCK_CAPTURE_AUTORELEASING = YES;
				CLANG_WARN_BOOL_CONVERSION = YES;
				CLANG_WARN_COMMA = YES;
				CLANG_WARN_CONSTANT_CONVERSION = YES;
				CLANG_WARN_DEPRECATED_OBJC_IMPLEMENTATIONS = YES;
				CLANG_WARN_DIRECT_OBJC_ISA_USAGE = YES_ERROR;
				CLANG_WARN_DOCUMENTATION_COMMENTS = YES;
				CLANG_WARN_EMPTY_BODY = YES;
				CLANG_WARN_ENUM_CONVERSION = YES;
				CLANG_WARN_INFINITE_RECURSION = YES;
				CLANG_WARN_INT_CONVERSION = YES;
				CLANG_WARN_NON_LITERAL_NULL_CONVERSION = YES;
				CLANG_WARN_OBJC_IMPLICIT_RETAIN_SELF = YES;
				CLANG_WARN_OBJC_LITERAL_CONVERSION = YES;
				CLANG_WARN_OBJC_ROOT_CLASS = YES_ERROR;
				CLANG_WARN_QUOTED_INCLUDE_IN_FRAMEWORK_HEADER = YES;
				CLANG_WARN_RANGE_LOOP_ANALYSIS = YES;
				CLANG_WARN_STRICT_PROTOTYPES = YES;
				CLANG_WARN_SUSPICIOUS_MOVE = YES;
				CLANG_WARN_UNGUARDED_AVAILABILITY = YES_AGGRESSIVE;
				CLANG_WARN_UNREACHABLE_CODE = YES;
				CLANG_WARN__DUPLICATE_METHOD_MATCH = YES;
				COPY_PHASE_STRIP = NO;
				DEBUG_INFORMATION_FORMAT = dwarf;
				ENABLE_STRICT_OBJC_MSGSEND = YES;
				ENABLE_TESTABILITY = YES;
				GCC_C_LANGUAGE_STANDARD = gnu11;
				GCC_DYNAMIC_NO_PIC = NO;
				GCC_NO_COMMON_BLOCKS = YES;
				GCC_OPTIMIZATION_LEVEL = 0;
				GCC_PREPROCESSOR_DEFINITIONS = (
					"DEBUG=1",
					"$(inherited)",
				);
				GCC_WARN_64_TO_32_BIT_CONVERSION = YES;
				GCC_WARN_ABOUT_RETURN_TYPE = YES_ERROR;
				GCC_WARN_UNDECLARED_SELECTOR = YES;
				GCC_WARN_UNINITIALIZED_AUTOS = YES_AGGRESSIVE;
				GCC_WARN_UNUSED_FUNCTION = YES;
				GCC_WARN_UNUSED_VARIABLE = YES;
				IPHONEOS_DEPLOYMENT_TARGET = 16.4;
				MTL_ENABLE_DEBUG_INFO = INCLUDE_SOURCE;
				MTL_FAST_MATH = YES;
				ONLY_ACTIVE_ARCH = YES;
				SDKROOT = iphoneos;
				SWIFT_ACTIVE_COMPILATION_CONDITIONS = DEBUG;
				SWIFT_OPTIMIZATION_LEVEL = "-Onone";
			};
			name = Debug;
		};
		929943CA2AB30D1600303CE3 /* Release */ = {
			isa = XCBuildConfiguration;
			buildSettings = {
				ALWAYS_SEARCH_USER_PATHS = NO;
				CLANG_ANALYZER_NONNULL = YES;
				CLANG_ANALYZER_NUMBER_OBJECT_CONVERSION = YES_AGGRESSIVE;
				CLANG_CXX_LANGUAGE_STANDARD = "gnu++20";
				CLANG_ENABLE_MODULES = YES;
				CLANG_ENABLE_OBJC_ARC = YES;
				CLANG_ENABLE_OBJC_WEAK = YES;
				CLANG_WARN_BLOCK_CAPTURE_AUTORELEASING = YES;
				CLANG_WARN_BOOL_CONVERSION = YES;
				CLANG_WARN_COMMA = YES;
				CLANG_WARN_CONSTANT_CONVERSION = YES;
				CLANG_WARN_DEPRECATED_OBJC_IMPLEMENTATIONS = YES;
				CLANG_WARN_DIRECT_OBJC_ISA_USAGE = YES_ERROR;
				CLANG_WARN_DOCUMENTATION_COMMENTS = YES;
				CLANG_WARN_EMPTY_BODY = YES;
				CLANG_WARN_ENUM_CONVERSION = YES;
				CLANG_WARN_INFINITE_RECURSION = YES;
				CLANG_WARN_INT_CONVERSION = YES;
				CLANG_WARN_NON_LITERAL_NULL_CONVERSION = YES;
				CLANG_WARN_OBJC_IMPLICIT_RETAIN_SELF = YES;
				CLANG_WARN_OBJC_LITERAL_CONVERSION = YES;
				CLANG_WARN_OBJC_ROOT_CLASS = YES_ERROR;
				CLANG_WARN_QUOTED_INCLUDE_IN_FRAMEWORK_HEADER = YES;
				CLANG_WARN_RANGE_LOOP_ANALYSIS = YES;
				CLANG_WARN_STRICT_PROTOTYPES = YES;
				CLANG_WARN_SUSPICIOUS_MOVE = YES;
				CLANG_WARN_UNGUARDED_AVAILABILITY = YES_AGGRESSIVE;
				CLANG_WARN_UNREACHABLE_CODE = YES;
				CLANG_WARN__DUPLICATE_METHOD_MATCH = YES;
				COPY_PHASE_STRIP = NO;
				DEBUG_INFORMATION_FORMAT = "dwarf-with-dsym";
				ENABLE_NS_ASSERTIONS = NO;
				ENABLE_STRICT_OBJC_MSGSEND = YES;
				GCC_C_LANGUAGE_STANDARD = gnu11;
				GCC_NO_COMMON_BLOCKS = YES;
				GCC_WARN_64_TO_32_BIT_CONVERSION = YES;
				GCC_WARN_ABOUT_RETURN_TYPE = YES_ERROR;
				GCC_WARN_UNDECLARED_SELECTOR = YES;
				GCC_WARN_UNINITIALIZED_AUTOS = YES_AGGRESSIVE;
				GCC_WARN_UNUSED_FUNCTION = YES;
				GCC_WARN_UNUSED_VARIABLE = YES;
				IPHONEOS_DEPLOYMENT_TARGET = 16.4;
				MTL_ENABLE_DEBUG_INFO = NO;
				MTL_FAST_MATH = YES;
				SDKROOT = iphoneos;
				SWIFT_COMPILATION_MODE = wholemodule;
				SWIFT_OPTIMIZATION_LEVEL = "-O";
				VALIDATE_PRODUCT = YES;
			};
			name = Release;
		};
		929943CC2AB30D1600303CE3 /* Debug */ = {
			isa = XCBuildConfiguration;
			buildSettings = {
				ASSETCATALOG_COMPILER_APPICON_NAME = AppIcon;
				ASSETCATALOG_COMPILER_GLOBAL_ACCENT_COLOR_NAME = AccentColor;
				CODE_SIGN_STYLE = Automatic;
				CURRENT_PROJECT_VERSION = 1;
				DEVELOPMENT_ASSET_PATHS = "\"UberSwitftUITutorial/Preview Content\"";
				DEVELOPMENT_TEAM = 58AK56S65M;
				ENABLE_PREVIEWS = YES;
				GENERATE_INFOPLIST_FILE = YES;
				INFOPLIST_KEY_NSLocalNetworkUsageDescription = "Please allow us to access your location to find your nearby drivers and rides";
				INFOPLIST_KEY_NSLocationWhenInUseUsageDescription = "Please allow us to access your location to find you nearby drivers and rides";
				INFOPLIST_KEY_UIApplicationSceneManifest_Generation = YES;
				INFOPLIST_KEY_UIApplicationSupportsIndirectInputEvents = YES;
				INFOPLIST_KEY_UILaunchScreen_Generation = YES;
				INFOPLIST_KEY_UISupportedInterfaceOrientations_iPad = "UIInterfaceOrientationPortrait UIInterfaceOrientationPortraitUpsideDown UIInterfaceOrientationLandscapeLeft UIInterfaceOrientationLandscapeRight";
				INFOPLIST_KEY_UISupportedInterfaceOrientations_iPhone = "UIInterfaceOrientationPortrait UIInterfaceOrientationLandscapeLeft UIInterfaceOrientationLandscapeRight";
				LD_RUNPATH_SEARCH_PATHS = (
					"$(inherited)",
					"@executable_path/Frameworks",
				);
				MARKETING_VERSION = 1.0;
				PRODUCT_BUNDLE_IDENTIFIER = vn.rmit.trienvo.UberSwitftUITutorial;
				PRODUCT_NAME = "$(TARGET_NAME)";
				SWIFT_EMIT_LOC_STRINGS = YES;
				SWIFT_VERSION = 5.0;
				TARGETED_DEVICE_FAMILY = "1,2";
			};
			name = Debug;
		};
		929943CD2AB30D1600303CE3 /* Release */ = {
			isa = XCBuildConfiguration;
			buildSettings = {
				ASSETCATALOG_COMPILER_APPICON_NAME = AppIcon;
				ASSETCATALOG_COMPILER_GLOBAL_ACCENT_COLOR_NAME = AccentColor;
				CODE_SIGN_STYLE = Automatic;
				CURRENT_PROJECT_VERSION = 1;
				DEVELOPMENT_ASSET_PATHS = "\"UberSwitftUITutorial/Preview Content\"";
				DEVELOPMENT_TEAM = 58AK56S65M;
				ENABLE_PREVIEWS = YES;
				GENERATE_INFOPLIST_FILE = YES;
				INFOPLIST_KEY_NSLocalNetworkUsageDescription = "Please allow us to access your location to find your nearby drivers and rides";
				INFOPLIST_KEY_NSLocationWhenInUseUsageDescription = "Please allow us to access your location to find you nearby drivers and rides";
				INFOPLIST_KEY_UIApplicationSceneManifest_Generation = YES;
				INFOPLIST_KEY_UIApplicationSupportsIndirectInputEvents = YES;
				INFOPLIST_KEY_UILaunchScreen_Generation = YES;
				INFOPLIST_KEY_UISupportedInterfaceOrientations_iPad = "UIInterfaceOrientationPortrait UIInterfaceOrientationPortraitUpsideDown UIInterfaceOrientationLandscapeLeft UIInterfaceOrientationLandscapeRight";
				INFOPLIST_KEY_UISupportedInterfaceOrientations_iPhone = "UIInterfaceOrientationPortrait UIInterfaceOrientationLandscapeLeft UIInterfaceOrientationLandscapeRight";
				LD_RUNPATH_SEARCH_PATHS = (
					"$(inherited)",
					"@executable_path/Frameworks",
				);
				MARKETING_VERSION = 1.0;
				PRODUCT_BUNDLE_IDENTIFIER = vn.rmit.trienvo.UberSwitftUITutorial;
				PRODUCT_NAME = "$(TARGET_NAME)";
				SWIFT_EMIT_LOC_STRINGS = YES;
				SWIFT_VERSION = 5.0;
				TARGETED_DEVICE_FAMILY = "1,2";
			};
			name = Release;
		};
/* End XCBuildConfiguration section */

/* Begin XCConfigurationList section */
		929943B82AB30D1400303CE3 /* Build configuration list for PBXProject "UberSwitftUITutorial" */ = {
			isa = XCConfigurationList;
			buildConfigurations = (
				929943C92AB30D1600303CE3 /* Debug */,
				929943CA2AB30D1600303CE3 /* Release */,
			);
			defaultConfigurationIsVisible = 0;
			defaultConfigurationName = Release;
		};
		929943CB2AB30D1600303CE3 /* Build configuration list for PBXNativeTarget "UberSwitftUITutorial" */ = {
			isa = XCConfigurationList;
			buildConfigurations = (
				929943CC2AB30D1600303CE3 /* Debug */,
				929943CD2AB30D1600303CE3 /* Release */,
			);
			defaultConfigurationIsVisible = 0;
			defaultConfigurationName = Release;
		};
/* End XCConfigurationList section */
	};
	rootObject = 929943B52AB30D1400303CE3 /* Project object */;
}
